
Microsoft Visual Studio Solution File, Format Version 12.00
# Visual Studio Version 17
VisualStudioVersion = 17.3.32922.545
MinimumVisualStudioVersion = 10.0.40219.1
Project("{FAE04EC0-301F-11D3-BF4B-00C04F79EFBC}") = "JsonLab", "JsonLab\JsonLab.csproj", "{370CEB99-C3BF-4E61-A90C-14F88DBA3651}"
EndProject
Global
	GlobalSection(SolutionConfigurationPlatforms) = preSolution
		Debug|Any CPU = Debug|Any CPU
		Release|Any CPU = Release|Any CPU
	EndGlobalSection
	GlobalSection(ProjectConfigurationPlatforms) = postSolution
		{370CEB99-C3BF-4E61-A90C-14F88DBA3651}.Debug|Any CPU.ActiveCfg = Debug|Any CPU
		{370CEB99-C3BF-4E61-A90C-14F88DBA3651}.Debug|Any CPU.Build.0 = Debug|Any CPU
		{370CEB99-C3BF-4E61-A90C-14F88DBA3651}.Release|Any CPU.ActiveCfg = Release|Any CPU
		{370CEB99-C3BF-4E61-A90C-14F88DBA3651}.Release|Any CPU.Build.0 = Release|Any CPU
	EndGlobalSection
	GlobalSection(SolutionProperties) = preSolution
		HideSolutionNode = FALSE
	EndGlobalSection
	GlobalSection(ExtensibilityGlobals) = postSolution
		SolutionGuid = {AFA65996-90D6-4044-9929-049721091153}
	EndGlobalSection
EndGlobal
